
Microsoft Visual Studio Solution File, Format Version 12.00
# Visual Studio 15
VisualStudioVersion = 15.0.26730.3
MinimumVisualStudioVersion = 10.0.40219.1
Project("{8BC9CEB8-8B4A-11D0-8D11-00A0C91BC942}") = "openGL_ExampleOne", "openGL_ExampleOne\openGL_ExampleOne.vcxproj", "{843DC716-9139-4B2C-AF63-520C77AB710E}"
EndProject
Global
	GlobalSection(SolutionConfigurationPlatforms) = preSolution
		Debug|x64 = Debug|x64
		Debug|x86 = Debug|x86
		Release|x64 = Release|x64
		Release|x86 = Release|x86
	EndGlobalSection
	GlobalSection(ProjectConfigurationPlatforms) = postSolution
		{843DC716-9139-4B2C-AF63-520C77AB710E}.Debug|x64.ActiveCfg = Debug|x64
		{843DC716-9139-4B2C-AF63-520C77AB710E}.Debug|x64.Build.0 = Debug|x64
		{843DC716-9139-4B2C-AF63-520C77AB710E}.Debug|x86.ActiveCfg = Debug|Win32
		{843DC716-9139-4B2C-AF63-520C77AB710E}.Debug|x86.Build.0 = Debug|Win32
		{843DC716-9139-4B2C-AF63-520C77AB710E}.Release|x64.ActiveCfg = Release|x64
		{843DC716-9139-4B2C-AF63-520C77AB710E}.Release|x64.Build.0 = Release|x64
		{843DC716-9139-4B2C-AF63-520C77AB710E}.Release|x86.ActiveCfg = Release|Win32
		{843DC716-9139-4B2C-AF63-520C77AB710E}.Release|x86.Build.0 = Release|Win32
	EndGlobalSection
	GlobalSection(SolutionProperties) = preSolution
		HideSolutionNode = FALSE
	EndGlobalSection
	GlobalSection(ExtensibilityGlobals) = postSolution
		SolutionGuid = {0333A350-BA43-48F8-BAB4-444C9297C9B4}
	EndGlobalSection
EndGlobal
